
Microsoft Visual Studio Solution File, Format Version 12.00
# Visual Studio Version 16
VisualStudioVersion = 16.0.31129.286
MinimumVisualStudioVersion = 10.0.40219.1
Project("{FAE04EC0-301F-11D3-BF4B-00C04F79EFBC}") = "Tarea2-acceso_premier", "Tarea2-acceso_premier\Tarea2-acceso_premier.csproj", "{0D0EAE43-1B67-44DB-920D-4A429D20AEE8}"
EndProject
Global
	GlobalSection(SolutionConfigurationPlatforms) = preSolution
		Debug|Any CPU = Debug|Any CPU
		Release|Any CPU = Release|Any CPU
	EndGlobalSection
	GlobalSection(ProjectConfigurationPlatforms) = postSolution
		{0D0EAE43-1B67-44DB-920D-4A429D20AEE8}.Debug|Any CPU.ActiveCfg = Debug|Any CPU
		{0D0EAE43-1B67-44DB-920D-4A429D20AEE8}.Debug|Any CPU.Build.0 = Debug|Any CPU
		{0D0EAE43-1B67-44DB-920D-4A429D20AEE8}.Release|Any CPU.ActiveCfg = Release|Any CPU
		{0D0EAE43-1B67-44DB-920D-4A429D20AEE8}.Release|Any CPU.Build.0 = Release|Any CPU
	EndGlobalSection
	GlobalSection(SolutionProperties) = preSolution
		HideSolutionNode = FALSE
	EndGlobalSection
	GlobalSection(ExtensibilityGlobals) = postSolution
		SolutionGuid = {C483A305-88C7-4535-8EA1-68FAAB1603D4}
	EndGlobalSection
EndGlobal
